{
  "name": "proper-old-model",
  "version": "1.0.0",
  "lockfileVersion": 3,
  "requires": true,
  "packages": {
    "": {
      "name": "proper-old-model",
      "version": "1.0.0",
      "license": "ISC",
      "dependencies": {
        "proper-old-model": "file:"
      }
    },
    "node_modules/proper-old-model": {
      "resolved": "",
      "link": true
    }
  }
}
